Microsoft Visual Studio Solution File, Format Version 12.00
Project("{FAE04EC0-301F-11D3-BF4B-00C04F79EFBC}") = "Lib.AspNetCore.Auth.Intranet", "src\Lib.AspNetCore.Auth.Intranet\Lib.AspNetCore.Auth.Intranet.csproj", "{B81AC1B1-8C5D-436D-ACA1-5EA32F03AB27}"
EndProject
Project("{FAE04EC0-301F-11D3-BF4B-00C04F79EFBC}") = "SampleApi", "src\SampleApi\SampleApi.csproj", "{1E573D8C-747B-4E7F-AE4C-5246CB40846F}"
EndProject
Project("{FAE04EC0-301F-11D3-BF4B-00C04F79EFBC}") = "Lib.AspNetCore.Auth.Intranet.Tests", "src\Lib.AspNetCore.Auth.Intranet.Tests\Lib.AspNetCore.Auth.Intranet.Tests.csproj", "{B6371B7D-9521-4E98-A1A8-94C872AA0762}"
EndProject
Global
	GlobalSection(SolutionConfigurationPlatforms) = preSolution
		Debug|Any CPU = Debug|Any CPU
		Release|Any CPU = Release|Any CPU
	EndGlobalSection
	GlobalSection(ProjectConfigurationPlatforms) = postSolution
		{B81AC1B1-8C5D-436D-ACA1-5EA32F03AB27}.Debug|Any CPU.ActiveCfg = Debug|Any CPU
		{B81AC1B1-8C5D-436D-ACA1-5EA32F03AB27}.Debug|Any CPU.Build.0 = Debug|Any CPU
		{1E573D8C-747B-4E7F-AE4C-5246CB40846F}.Debug|Any CPU.ActiveCfg = Debug|Any CPU
		{1E573D8C-747B-4E7F-AE4C-5246CB40846F}.Debug|Any CPU.Build.0 = Debug|Any CPU
		{B6371B7D-9521-4E98-A1A8-94C872AA0762}.Debug|Any CPU.ActiveCfg = Debug|Any CPU
		{B6371B7D-9521-4E98-A1A8-94C872AA0762}.Debug|Any CPU.Build.0 = Debug|Any CPU
		{B6371B7D-9521-4E98-A1A8-94C872AA0762}.Release|Any CPU.ActiveCfg = Release|Any CPU
		{B6371B7D-9521-4E98-A1A8-94C872AA0762}.Release|Any CPU.Build.0 = Release|Any CPU
	EndGlobalSection
EndGlobal
